
Microsoft Visual Studio Solution File, Format Version 12.00
# Visual Studio Version 16
VisualStudioVersion = 25.0.1705.2
MinimumVisualStudioVersion = 10.0.40219.1
Project("{FAE04EC0-301F-11D3-BF4B-00C04F79EFBC}") = "webapi", "webapi\webapi.csproj", "{9ABF9809-2AFE-40A1-8094-71022D352F0F}"
EndProject
Global
	GlobalSection(SolutionConfigurationPlatforms) = preSolution
		Debug|Any CPU = Debug|Any CPU
		Release|Any CPU = Release|Any CPU
	EndGlobalSection
	GlobalSection(ProjectConfigurationPlatforms) = postSolution
		{9ABF9809-2AFE-40A1-8094-71022D352F0F}.Debug|Any CPU.ActiveCfg = Debug|Any CPU
		{9ABF9809-2AFE-40A1-8094-71022D352F0F}.Debug|Any CPU.Build.0 = Debug|Any CPU
		{9ABF9809-2AFE-40A1-8094-71022D352F0F}.Release|Any CPU.ActiveCfg = Release|Any CPU
		{9ABF9809-2AFE-40A1-8094-71022D352F0F}.Release|Any CPU.Build.0 = Release|Any CPU
	EndGlobalSection
	GlobalSection(SolutionProperties) = preSolution
		HideSolutionNode = FALSE
	EndGlobalSection
	GlobalSection(ExtensibilityGlobals) = postSolution
		SolutionGuid = {95FBD8C4-A228-4CC6-9E91-0E8D64F9B523}
	EndGlobalSection
EndGlobal
